
Microsoft Visual Studio Solution File, Format Version 12.00
# Visual Studio Version 17
VisualStudioVersion = 17.2.32526.322
MinimumVisualStudioVersion = 10.0.40219.1
Project("{9A19103F-16F7-4668-BE54-9A1E7A4F7556}") = "StringCalculator", "StringCalculator\StringCalculator.csproj", "{0643C08B-54CD-4382-971C-49F40545E496}"
EndProject
Project("{9A19103F-16F7-4668-BE54-9A1E7A4F7556}") = "StringCalculator.Test", "StringCalculator.Test\StringCalculator.Test.csproj", "{FA749B81-0ABB-4431-85A5-1BA5C435B4E5}"
EndProject
Project("{FAE04EC0-301F-11D3-BF4B-00C04F79EFBC}") = "CalculatorClient", "CalculatorClient\CalculatorClient.csproj", "{83B57ED2-CC8A-4A3B-8C4D-EC9CBE810019}"
EndProject
Global
	GlobalSection(SolutionConfigurationPlatforms) = preSolution
		Debug|Any CPU = Debug|Any CPU
		Release|Any CPU = Release|Any CPU
	EndGlobalSection
	GlobalSection(ProjectConfigurationPlatforms) = postSolution
		{0643C08B-54CD-4382-971C-49F40545E496}.Debug|Any CPU.ActiveCfg = Debug|Any CPU
		{0643C08B-54CD-4382-971C-49F40545E496}.Debug|Any CPU.Build.0 = Debug|Any CPU
		{0643C08B-54CD-4382-971C-49F40545E496}.Release|Any CPU.ActiveCfg = Release|Any CPU
		{0643C08B-54CD-4382-971C-49F40545E496}.Release|Any CPU.Build.0 = Release|Any CPU
		{FA749B81-0ABB-4431-85A5-1BA5C435B4E5}.Debug|Any CPU.ActiveCfg = Debug|Any CPU
		{FA749B81-0ABB-4431-85A5-1BA5C435B4E5}.Debug|Any CPU.Build.0 = Debug|Any CPU
		{FA749B81-0ABB-4431-85A5-1BA5C435B4E5}.Release|Any CPU.ActiveCfg = Release|Any CPU
		{FA749B81-0ABB-4431-85A5-1BA5C435B4E5}.Release|Any CPU.Build.0 = Release|Any CPU
		{83B57ED2-CC8A-4A3B-8C4D-EC9CBE810019}.Debug|Any CPU.ActiveCfg = Debug|Any CPU
		{83B57ED2-CC8A-4A3B-8C4D-EC9CBE810019}.Debug|Any CPU.Build.0 = Debug|Any CPU
		{83B57ED2-CC8A-4A3B-8C4D-EC9CBE810019}.Release|Any CPU.ActiveCfg = Release|Any CPU
		{83B57ED2-CC8A-4A3B-8C4D-EC9CBE810019}.Release|Any CPU.Build.0 = Release|Any CPU
	EndGlobalSection
	GlobalSection(SolutionProperties) = preSolution
		HideSolutionNode = FALSE
	EndGlobalSection
	GlobalSection(ExtensibilityGlobals) = postSolution
		SolutionGuid = {60B94BEC-5D80-4208-AFEE-40BC204718FE}
	EndGlobalSection
EndGlobal
